{
  "name": "secure-npm-skeleton",
  "version": "0.1.0",
  "lockfileVersion": 3,
  "requires": true,
  "packages": {
    "": {
      "name": "secure-npm-skeleton",
      "version": "0.1.0",
      "dependencies": {
        "@example/safe-greeter": "file:../safe-greeter"
      },
      "engines": {
        "node": ">=20.0.0",
        "npm": ">=10.0.0"
      }
    },
    "../safe-greeter": {
      "name": "@example/safe-greeter",
      "version": "0.1.0",
      "engines": {
        "node": ">=20.0.0",
        "npm": ">=10.0.0"
      }
    },
    "node_modules/@example/safe-greeter": {
      "resolved": "../safe-greeter",
      "link": true
    }
  }
}
